{
  "name": "fetch-pdf",
  "version": "1.0.0",
  "lockfileVersion": 3,
  "requires": true,
  "packages": {
    "": {
      "name": "fetch-pdf",
      "version": "1.0.0",
      "license": "ISC",
      "dependencies": {
        "pdfjs-serverless": "^1.1.0"
      }
    },
    "node_modules/pdfjs-serverless": {
      "version": "1.1.0",
      "resolved": "https://registry.npmjs.org/pdfjs-serverless/-/pdfjs-serverless-1.1.0.tgz",
      "integrity": "sha512-4JNsyupufenSUfFpMxCsrkfzeskWFS5J8ksXPeSnaaEug9h0bbBNuI+WqEpUGHMLGrORakMOvnc9mN9rqF7iqA==",
      "license": "MIT"
    }
  }
}
